{
  "name": "vasir-slim",
  "version": "0.1.0-slim.3",
  "lockfileVersion": 3,
  "requires": true,
  "packages": {
    "": {
      "name": "vasir-slim",
      "version": "0.1.0-slim.3",
      "license": "MIT",
      "dependencies": {
        "cli-spinners": "3.4.0"
      },
      "bin": {
        "vasir": "bin/vasir.js"
      },
      "engines": {
        "node": "^18.20.0 || >=20.10.0"
      },
      "bundleDependencies": [
        "cli-spinners"
      ]
    },
    "node_modules/cli-spinners": {
      "version": "3.4.0",
      "resolved": "https://registry.npmjs.org/cli-spinners/-/cli-spinners-3.4.0.tgz",
      "integrity": "sha512-bXfOC4QcT1tKXGorxL3wbJm6XJPDqEnij2gQ2m7ESQuE+/z9YFIWnl/5RpTiKWbMq3EVKR4fRLJGn6DVfu0mpw==",
      "license": "MIT",
      "engines": {
        "node": ">=18.20"
      },
      "funding": {
        "url": "https://github.com/sponsors/sindresorhus"
      },
      "inBundle": true
    }
  }
}
